// !$*UTF8*$!
{
	archiveVersion = 1;
	classes = {
	};
	objectVersion = 46;
	objects = {

/* Begin PBXBuildFile section */
		922E961914077CF100CC59B4 /* RHNode.m in Sources */ = {isa = PBXBuildFile; fileRef = 922E961814077CF100CC59B4 /* RHNode.m */; };
		922E961C14077D0700CC59B4 /* RHLocation.m in Sources */ = {isa = PBXBuildFile; fileRef = 922E961B14077D0700CC59B4 /* RHLocation.m */; };
		922E961F14077D2600CC59B4 /* RHPath.m in Sources */ = {isa = PBXBuildFile; fileRef = 922E961E14077D2600CC59B4 /* RHPath.m */; };
		922E962214077D3200CC59B4 /* RHEnclosure.m in Sources */ = {isa = PBXBuildFile; fileRef = 922E962114077D3200CC59B4 /* RHEnclosure.m */; };
		922E962514077D4A00CC59B4 /* RHPerson.m in Sources */ = {isa = PBXBuildFile; fileRef = 922E962414077D4A00CC59B4 /* RHPerson.m */; };
		927602FA140778A200D50488 /* UIKit.framework in Frameworks */ = {isa = PBXBuildFile; fileRef = 927602F9140778A200D50488 /* UIKit.framework */; };
		927602FC140778A200D50488 /* Foundation.framework in Frameworks */ = {isa = PBXBuildFile; fileRef = 927602FB140778A200D50488 /* Foundation.framework */; };
		927602FE140778A200D50488 /* CoreGraphics.framework in Frameworks */ = {isa = PBXBuildFile; fileRef = 927602FD140778A200D50488 /* CoreGraphics.framework */; };
		92760304140778A200D50488 /* InfoPlist.strings in Resources */ = {isa = PBXBuildFile; fileRef = 92760302140778A200D50488 /* InfoPlist.strings */; };
		92760306140778A200D50488 /* main.m in Sources */ = {isa = PBXBuildFile; fileRef = 92760305140778A200D50488 /* main.m */; };
		9276030A140778A300D50488 /* MobileAppDelegate.m in Sources */ = {isa = PBXBuildFile; fileRef = 92760309140778A300D50488 /* MobileAppDelegate.m */; };
		9276030D140778A300D50488 /* MainWindow.xib in Resources */ = {isa = PBXBuildFile; fileRef = 9276030B140778A300D50488 /* MainWindow.xib */; };
		92760310140778A300D50488 /* MapViewController.m in Sources */ = {isa = PBXBuildFile; fileRef = 9276030F140778A300D50488 /* MapViewController.m */; };
		92760313140778A300D50488 /* SearchViewController.m in Sources */ = {isa = PBXBuildFile; fileRef = 92760312140778A300D50488 /* SearchViewController.m */; };
		92760316140778A300D50488 /* MapView.xib in Resources */ = {isa = PBXBuildFile; fileRef = 92760314140778A300D50488 /* MapView.xib */; };
		92760319140778A300D50488 /* SearchView.xib in Resources */ = {isa = PBXBuildFile; fileRef = 92760317140778A300D50488 /* SearchView.xib */; };
/* End PBXBuildFile section */

/* Begin PBXFileReference section */
		922E961714077CF100CC59B4 /* RHNode.h */ = {isa = PBXFileReference; fileEncoding = 4; lastKnownFileType = sourcecode.c.h; path = RHNode.h; sourceTree = "<group>"; };
		922E961814077CF100CC59B4 /* RHNode.m */ = {isa = PBXFileReference; fileEncoding = 4; lastKnownFileType = sourcecode.c.objc; path = RHNode.m; sourceTree = "<group>"; };
		922E961A14077D0700CC59B4 /* RHLocation.h */ = {isa = PBXFileReference; fileEncoding = 4; lastKnownFileType = sourcecode.c.h; path = RHLocation.h; sourceTree = "<group>"; };
		922E961B14077D0700CC59B4 /* RHLocation.m */ = {isa = PBXFileReference; fileEncoding = 4; lastKnownFileType = sourcecode.c.objc; path = RHLocation.m; sourceTree = "<group>"; };
		922E961D14077D2600CC59B4 /* RHPath.h */ = {isa = PBXFileReference; fileEncoding = 4; lastKnownFileType = sourcecode.c.h; path = RHPath.h; sourceTree = "<group>"; };
		922E961E14077D2600CC59B4 /* RHPath.m */ = {isa = PBXFileReference; fileEncoding = 4; lastKnownFileType = sourcecode.c.objc; path = RHPath.m; sourceTree = "<group>"; };
		922E962014077D3200CC59B4 /* RHEnclosure.h */ = {isa = PBXFileReference; fileEncoding = 4; lastKnownFileType = sourcecode.c.h; path = RHEnclosure.h; sourceTree = "<group>"; };
		922E962114077D3200CC59B4 /* RHEnclosure.m */ = {isa = PBXFileReference; fileEncoding = 4; lastKnownFileType = sourcecode.c.objc; path = RHEnclosure.m; sourceTree = "<group>"; };
		922E962314077D4A00CC59B4 /* RHPerson.h */ = {isa = PBXFileReference; fileEncoding = 4; lastKnownFileType = sourcecode.c.h; path = RHPerson.h; sourceTree = "<group>"; };
		922E962414077D4A00CC59B4 /* RHPerson.m */ = {isa = PBXFileReference; fileEncoding = 4; lastKnownFileType = sourcecode.c.objc; path = RHPerson.m; sourceTree = "<group>"; };
		927602F5140778A200D50488 /* RHITMobile.app */ = {isa = PBXFileReference; explicitFileType = wrapper.application; includeInIndex = 0; name = RHITMobile.app; path = Mobile.app; sourceTree = BUILT_PRODUCTS_DIR; };
		927602F9140778A200D50488 /* UIKit.framework */ = {isa = PBXFileReference; lastKnownFileType = wrapper.framework; name = UIKit.framework; path = System/Library/Frameworks/UIKit.framework; sourceTree = SDKROOT; };
		927602FB140778A200D50488 /* Foundation.framework */ = {isa = PBXFileReference; lastKnownFileType = wrapper.framework; name = Foundation.framework; path = System/Library/Frameworks/Foundation.framework; sourceTree = SDKROOT; };
		927602FD140778A200D50488 /* CoreGraphics.framework */ = {isa = PBXFileReference; lastKnownFileType = wrapper.framework; name = CoreGraphics.framework; path = System/Library/Frameworks/CoreGraphics.framework; sourceTree = SDKROOT; };
		92760301140778A200D50488 /* Mobile-Info.plist */ = {isa = PBXFileReference; lastKnownFileType = text.plist.xml; path = "Mobile-Info.plist"; sourceTree = "<group>"; };
		92760303140778A200D50488 /* en */ = {isa = PBXFileReference; lastKnownFileType = text.plist.strings; name = en; path = en.lproj/InfoPlist.strings; sourceTree = "<group>"; };
		92760305140778A200D50488 /* main.m */ = {isa = PBXFileReference; lastKnownFileType = sourcecode.c.objc; path = main.m; sourceTree = "<group>"; };
		92760307140778A200D50488 /* Mobile-Prefix.pch */ = {isa = PBXFileReference; lastKnownFileType = sourcecode.c.h; path = "Mobile-Prefix.pch"; sourceTree = "<group>"; };
		92760308140778A200D50488 /* MobileAppDelegate.h */ = {isa = PBXFileReference; lastKnownFileType = sourcecode.c.h; path = MobileAppDelegate.h; sourceTree = "<group>"; };
		92760309140778A300D50488 /* MobileAppDelegate.m */ = {isa = PBXFileReference; lastKnownFileType = sourcecode.c.objc; path = MobileAppDelegate.m; sourceTree = "<group>"; };
		9276030C140778A300D50488 /* en */ = {isa = PBXFileReference; lastKnownFileType = file.xib; name = en; path = en.lproj/MainWindow.xib; sourceTree = "<group>"; };
		9276030E140778A300D50488 /* MapViewController.h */ = {isa = PBXFileReference; path = MapViewController.h; sourceTree = "<group>"; };
		9276030F140778A300D50488 /* MapViewController.m */ = {isa = PBXFileReference; lastKnownFileType = sourcecode.c.objc; path = MapViewController.m; sourceTree = "<group>"; };
		92760311140778A300D50488 /* SearchViewController.h */ = {isa = PBXFileReference; path = SearchViewController.h; sourceTree = "<group>"; };
		92760312140778A300D50488 /* SearchViewController.m */ = {isa = PBXFileReference; lastKnownFileType = sourcecode.c.objc; path = SearchViewController.m; sourceTree = "<group>"; };
		92760315140778A300D50488 /* en */ = {isa = PBXFileReference; lastKnownFileType = file.xib; name = en; path = en.lproj/MapView.xib; sourceTree = "<group>"; };
		92760318140778A300D50488 /* en */ = {isa = PBXFileReference; lastKnownFileType = file.xib; name = en; path = en.lproj/SearchView.xib; sourceTree = "<group>"; };
/* End PBXFileReference section */

/* Begin PBXFrameworksBuildPhase section */
		927602F2140778A200D50488 /* Frameworks */ = {
			isa = PBXFrameworksBuildPhase;
			buildActionMask = 2147483647;
			files = (
				927602FA140778A200D50488 /* UIKit.framework in Frameworks */,
				927602FC140778A200D50488 /* Foundation.framework in Frameworks */,
				927602FE140778A200D50488 /* CoreGraphics.framework in Frameworks */,
			);
			runOnlyForDeploymentPostprocessing = 0;
		};
/* End PBXFrameworksBuildPhase section */

/* Begin PBXGroup section */
		922E961514077C2E00CC59B4 /* Model */ = {
			isa = PBXGroup;
			children = (
				922E961714077CF100CC59B4 /* RHNode.h */,
				922E961814077CF100CC59B4 /* RHNode.m */,
				922E961A14077D0700CC59B4 /* RHLocation.h */,
				922E961B14077D0700CC59B4 /* RHLocation.m */,
				922E961D14077D2600CC59B4 /* RHPath.h */,
				922E961E14077D2600CC59B4 /* RHPath.m */,
				922E962014077D3200CC59B4 /* RHEnclosure.h */,
				922E962114077D3200CC59B4 /* RHEnclosure.m */,
				922E962314077D4A00CC59B4 /* RHPerson.h */,
				922E962414077D4A00CC59B4 /* RHPerson.m */,
			);
			name = Model;
			sourceTree = "<group>";
		};
		922E961614077C3C00CC59B4 /* Test */ = {
			isa = PBXGroup;
			children = (
			);
			name = Test;
			sourceTree = "<group>";
		};
		927602EA140778A200D50488 = {
			isa = PBXGroup;
			children = (
				927602FF140778A200D50488 /* Mobile */,
				927602F8140778A200D50488 /* Frameworks */,
				927602F6140778A200D50488 /* Products */,
			);
			sourceTree = "<group>";
		};
		927602F6140778A200D50488 /* Products */ = {
			isa = PBXGroup;
			children = (
				927602F5140778A200D50488 /* RHITMobile.app */,
			);
			name = Products;
			sourceTree = "<group>";
		};
		927602F8140778A200D50488 /* Frameworks */ = {
			isa = PBXGroup;
			children = (
				927602F9140778A200D50488 /* UIKit.framework */,
				927602FB140778A200D50488 /* Foundation.framework */,
				927602FD140778A200D50488 /* CoreGraphics.framework */,
			);
			name = Frameworks;
			sourceTree = "<group>";
		};
		927602FF140778A200D50488 /* Mobile */ = {
			isa = PBXGroup;
			children = (
				922E961614077C3C00CC59B4 /* Test */,
				922E961514077C2E00CC59B4 /* Model */,
				92760308140778A200D50488 /* MobileAppDelegate.h */,
				92760309140778A300D50488 /* MobileAppDelegate.m */,
				9276030B140778A300D50488 /* MainWindow.xib */,
				9276030E140778A300D50488 /* MapViewController.h */,
				9276030F140778A300D50488 /* MapViewController.m */,
				92760311140778A300D50488 /* SearchViewController.h */,
				92760312140778A300D50488 /* SearchViewController.m */,
				92760314140778A300D50488 /* MapView.xib */,
				92760317140778A300D50488 /* SearchView.xib */,
				92760300140778A200D50488 /* Supporting Files */,
			);
			path = Mobile;
			sourceTree = "<group>";
		};
		92760300140778A200D50488 /* Supporting Files */ = {
			isa = PBXGroup;
			children = (
				92760301140778A200D50488 /* Mobile-Info.plist */,
				92760302140778A200D50488 /* InfoPlist.strings */,
				92760305140778A200D50488 /* main.m */,
				92760307140778A200D50488 /* Mobile-Prefix.pch */,
			);
			name = "Supporting Files";
			sourceTree = "<group>";
		};
/* End PBXGroup section */

/* Begin PBXNativeTarget section */
		927602F4140778A200D50488 /* Mobile */ = {
			isa = PBXNativeTarget;
			buildConfigurationList = 9276031C140778A300D50488 /* Build configuration list for PBXNativeTarget "Mobile" */;
			buildPhases = (
				927602F1140778A200D50488 /* Sources */,
				927602F2140778A200D50488 /* Frameworks */,
				927602F3140778A200D50488 /* Resources */,
			);
			buildRules = (
			);
			dependencies = (
			);
			name = Mobile;
			productName = Mobile;
			productReference = 927602F5140778A200D50488 /* RHITMobile.app */;
			productType = "com.apple.product-type.application";
		};
/* End PBXNativeTarget section */

/* Begin PBXProject section */
		927602EC140778A200D50488 /* Project object */ = {
			isa = PBXProject;
			attributes = {
				ORGANIZATIONNAME = "Rose-Hulman Institute of Technology";
			};
			buildConfigurationList = 927602EF140778A200D50488 /* Build configuration list for PBXProject "Mobile" */;
			compatibilityVersion = "Xcode 3.2";
			developmentRegion = English;
			hasScannedForEncodings = 0;
			knownRegions = (
				en,
			);
			mainGroup = 927602EA140778A200D50488;
			productRefGroup = 927602F6140778A200D50488 /* Products */;
			projectDirPath = "";
			projectRoot = "";
			targets = (
				927602F4140778A200D50488 /* Mobile */,
			);
		};
/* End PBXProject section */

/* Begin PBXResourcesBuildPhase section */
		927602F3140778A200D50488 /* Resources */ = {
			isa = PBXResourcesBuildPhase;
			buildActionMask = 2147483647;
			files = (
				92760304140778A200D50488 /* InfoPlist.strings in Resources */,
				9276030D140778A300D50488 /* MainWindow.xib in Resources */,
				92760316140778A300D50488 /* MapView.xib in Resources */,
				92760319140778A300D50488 /* SearchView.xib in Resources */,
			);
			runOnlyForDeploymentPostprocessing = 0;
		};
/* End PBXResourcesBuildPhase section */

/* Begin PBXSourcesBuildPhase section */
		927602F1140778A200D50488 /* Sources */ = {
			isa = PBXSourcesBuildPhase;
			buildActionMask = 2147483647;
			files = (
				92760306140778A200D50488 /* main.m in Sources */,
				9276030A140778A300D50488 /* MobileAppDelegate.m in Sources */,
				92760310140778A300D50488 /* MapViewController.m in Sources */,
				92760313140778A300D50488 /* SearchViewController.m in Sources */,
				922E961914077CF100CC59B4 /* RHNode.m in Sources */,
				922E961C14077D0700CC59B4 /* RHLocation.m in Sources */,
				922E961F14077D2600CC59B4 /* RHPath.m in Sources */,
				922E962214077D3200CC59B4 /* RHEnclosure.m in Sources */,
				922E962514077D4A00CC59B4 /* RHPerson.m in Sources */,
			);
			runOnlyForDeploymentPostprocessing = 0;
		};
/* End PBXSourcesBuildPhase section */

/* Begin PBXVariantGroup section */
		92760302140778A200D50488 /* InfoPlist.strings */ = {
			isa = PBXVariantGroup;
			children = (
				92760303140778A200D50488 /* en */,
			);
			name = InfoPlist.strings;
			sourceTree = "<group>";
		};
		9276030B140778A300D50488 /* MainWindow.xib */ = {
			isa = PBXVariantGroup;
			children = (
				9276030C140778A300D50488 /* en */,
			);
			name = MainWindow.xib;
			sourceTree = "<group>";
		};
		92760314140778A300D50488 /* MapView.xib */ = {
			isa = PBXVariantGroup;
			children = (
				92760315140778A300D50488 /* en */,
			);
			name = MapView.xib;
			sourceTree = "<group>";
		};
		92760317140778A300D50488 /* SearchView.xib */ = {
			isa = PBXVariantGroup;
			children = (
				92760318140778A300D50488 /* en */,
			);
			name = SearchView.xib;
			sourceTree = "<group>";
		};
/* End PBXVariantGroup section */

/* Begin XCBuildConfiguration section */
		9276031A140778A300D50488 /* Debug */ = {
			isa = XCBuildConfiguration;
			buildSettings = {
				ALWAYS_SEARCH_USER_PATHS = NO;
				ARCHS = "$(ARCHS_STANDARD_32_BIT)";
				"CODE_SIGN_IDENTITY[sdk=iphoneos*]" = "iPhone Developer";
				COPY_PHASE_STRIP = NO;
				GCC_C_LANGUAGE_STANDARD = gnu99;
				GCC_DYNAMIC_NO_PIC = NO;
				GCC_OPTIMIZATION_LEVEL = 0;
				GCC_PREPROCESSOR_DEFINITIONS = (
					"DEBUG=1",
					"$(inherited)",
				);
				GCC_SYMBOLS_PRIVATE_EXTERN = NO;
				GCC_VERSION = com.apple.compilers.llvmgcc42;
				GCC_WARN_ABOUT_MISSING_PROTOTYPES = YES;
				GCC_WARN_ABOUT_RETURN_TYPE = YES;
				GCC_WARN_UNUSED_VARIABLE = YES;
				IPHONEOS_DEPLOYMENT_TARGET = 4.3;
				SDKROOT = iphoneos;
			};
			name = Debug;
		};
		9276031B140778A300D50488 /* Release */ = {
			isa = XCBuildConfiguration;
			buildSettings = {
				ALWAYS_SEARCH_USER_PATHS = NO;
				ARCHS = "$(ARCHS_STANDARD_32_BIT)";
				"CODE_SIGN_IDENTITY[sdk=iphoneos*]" = "iPhone Developer";
				COPY_PHASE_STRIP = YES;
				GCC_C_LANGUAGE_STANDARD = gnu99;
				GCC_VERSION = com.apple.compilers.llvmgcc42;
				GCC_WARN_ABOUT_MISSING_PROTOTYPES = YES;
				GCC_WARN_ABOUT_RETURN_TYPE = YES;
				GCC_WARN_UNUSED_VARIABLE = YES;
				IPHONEOS_DEPLOYMENT_TARGET = 4.3;
				OTHER_CFLAGS = "-DNS_BLOCK_ASSERTIONS=1";
				SDKROOT = iphoneos;
				VALIDATE_PRODUCT = YES;
			};
			name = Release;
		};
		9276031D140778A300D50488 /* Debug */ = {
			isa = XCBuildConfiguration;
			buildSettings = {
				GCC_PRECOMPILE_PREFIX_HEADER = YES;
				GCC_PREFIX_HEADER = "Mobile/Mobile-Prefix.pch";
				INFOPLIST_FILE = "Mobile/Mobile-Info.plist";
				PRODUCT_NAME = "$(TARGET_NAME)";
				WRAPPER_EXTENSION = app;
			};
			name = Debug;
		};
		9276031E140778A300D50488 /* Release */ = {
			isa = XCBuildConfiguration;
			buildSettings = {
				GCC_PRECOMPILE_PREFIX_HEADER = YES;
				GCC_PREFIX_HEADER = "Mobile/Mobile-Prefix.pch";
				INFOPLIST_FILE = "Mobile/Mobile-Info.plist";
				PRODUCT_NAME = "$(TARGET_NAME)";
				WRAPPER_EXTENSION = app;
			};
			name = Release;
		};
/* End XCBuildConfiguration section */

/* Begin XCConfigurationList section */
		927602EF140778A200D50488 /* Build configuration list for PBXProject "Mobile" */ = {
			isa = XCConfigurationList;
			buildConfigurations = (
				9276031A140778A300D50488 /* Debug */,
				9276031B140778A300D50488 /* Release */,
			);
			defaultConfigurationIsVisible = 0;
			defaultConfigurationName = Release;
		};
		9276031C140778A300D50488 /* Build configuration list for PBXNativeTarget "Mobile" */ = {
			isa = XCConfigurationList;
			buildConfigurations = (
				9276031D140778A300D50488 /* Debug */,
				9276031E140778A300D50488 /* Release */,
			);
			defaultConfigurationIsVisible = 0;
			defaultConfigurationName = Release;
		};
/* End XCConfigurationList section */
	};
	rootObject = 927602EC140778A200D50488 /* Project object */;
}
